
Microsoft Visual Studio Solution File, Format Version 12.00
# Visual Studio 15
VisualStudioVersion = 15.0.28307.438
MinimumVisualStudioVersion = 10.0.40219.1
Project("{FAE04EC0-301F-11D3-BF4B-00C04F79EFBC}") = "WeBelieveServer", "WeBelieve\WeBelieveServer.csproj", "{64AA8B38-5B23-490F-A282-2CB9A18A122C}"
EndProject
Project("{FAE04EC0-301F-11D3-BF4B-00C04F79EFBC}") = "WeBelieveClient", "..\WeBelieveClient\WeBelieveClient.csproj", "{9346BE5E-7C61-4A89-AE9B-71987EF2C059}"
EndProject
Global
	GlobalSection(SolutionConfigurationPlatforms) = preSolution
		Debug|Any CPU = Debug|Any CPU
		Release|Any CPU = Release|Any CPU
	EndGlobalSection
	GlobalSection(ProjectConfigurationPlatforms) = postSolution
		{64AA8B38-5B23-490F-A282-2CB9A18A122C}.Debug|Any CPU.ActiveCfg = Debug|Any CPU
		{64AA8B38-5B23-490F-A282-2CB9A18A122C}.Debug|Any CPU.Build.0 = Debug|Any CPU
		{64AA8B38-5B23-490F-A282-2CB9A18A122C}.Release|Any CPU.ActiveCfg = Release|Any CPU
		{64AA8B38-5B23-490F-A282-2CB9A18A122C}.Release|Any CPU.Build.0 = Release|Any CPU
		{9346BE5E-7C61-4A89-AE9B-71987EF2C059}.Debug|Any CPU.ActiveCfg = Debug|Any CPU
		{9346BE5E-7C61-4A89-AE9B-71987EF2C059}.Debug|Any CPU.Build.0 = Debug|Any CPU
		{9346BE5E-7C61-4A89-AE9B-71987EF2C059}.Release|Any CPU.ActiveCfg = Release|Any CPU
		{9346BE5E-7C61-4A89-AE9B-71987EF2C059}.Release|Any CPU.Build.0 = Release|Any CPU
	EndGlobalSection
	GlobalSection(SolutionProperties) = preSolution
		HideSolutionNode = FALSE
	EndGlobalSection
	GlobalSection(ExtensibilityGlobals) = postSolution
		SolutionGuid = {C9D85051-FB46-46B1-B99F-DEF43CD76DA0}
	EndGlobalSection
EndGlobal
